// !$*UTF8*$!
{
	archiveVersion = 1;
	classes = {
	};
	objectVersion = 56;
	objects = {

/* Begin PBXBuildFile section */
		2E7E24EB298EBE350082F079 /* MainView.swift in Sources */ = {isa = PBXBuildFile; fileRef = 2E7E24EA298EBE350082F079 /* MainView.swift */; };
		2E7E24EF298EE20D0082F079 /* Background.swift in Sources */ = {isa = PBXBuildFile; fileRef = 2E7E24EE298EE20D0082F079 /* Background.swift */; };
		2E7E24F3299019D70082F079 /* NavBar.swift in Sources */ = {isa = PBXBuildFile; fileRef = 2E7E24F2299019D70082F079 /* NavBar.swift */; };
		2E7E24F7299026760082F079 /* Home.swift in Sources */ = {isa = PBXBuildFile; fileRef = 2E7E24F6299026760082F079 /* Home.swift */; };
		2E7E24F92990274A0082F079 /* Movies.swift in Sources */ = {isa = PBXBuildFile; fileRef = 2E7E24F82990274A0082F079 /* Movies.swift */; };
		2E95DE682985844C00A50FC9 /* WatchListApp.swift in Sources */ = {isa = PBXBuildFile; fileRef = 2E95DE672985844C00A50FC9 /* WatchListApp.swift */; };
		2E95DE6A2985844C00A50FC9 /* SplashScreenView.swift in Sources */ = {isa = PBXBuildFile; fileRef = 2E95DE692985844C00A50FC9 /* SplashScreenView.swift */; };
		2E95DE6C2985845000A50FC9 /* Assets.xcassets in Resources */ = {isa = PBXBuildFile; fileRef = 2E95DE6B2985845000A50FC9 /* Assets.xcassets */; };
		2E95DE6F2985845000A50FC9 /* Preview Assets.xcassets in Resources */ = {isa = PBXBuildFile; fileRef = 2E95DE6E2985845000A50FC9 /* Preview Assets.xcassets */; };
		2E95DE792985845000A50FC9 /* WatchListTests.swift in Sources */ = {isa = PBXBuildFile; fileRef = 2E95DE782985845000A50FC9 /* WatchListTests.swift */; };
		2E95DE832985845000A50FC9 /* WatchListUITests.swift in Sources */ = {isa = PBXBuildFile; fileRef = 2E95DE822985845000A50FC9 /* WatchListUITests.swift */; };
		2E95DE852985845000A50FC9 /* WatchListUITestsLaunchTests.swift in Sources */ = {isa = PBXBuildFile; fileRef = 2E95DE842985845000A50FC9 /* WatchListUITestsLaunchTests.swift */; };
		2EF1C39F29884558005111E2 /* LoginView.swift in Sources */ = {isa = PBXBuildFile; fileRef = 2EF1C39E29884558005111E2 /* LoginView.swift */; };
/* End PBXBuildFile section */

/* Begin PBXContainerItemProxy section */
		2E95DE752985845000A50FC9 /* PBXContainerItemProxy */ = {
			isa = PBXContainerItemProxy;
			containerPortal = 2E95DE5C2985844B00A50FC9 /* Project object */;
			proxyType = 1;
			remoteGlobalIDString = 2E95DE632985844B00A50FC9;
			remoteInfo = WatchList;
		};
		2E95DE7F2985845000A50FC9 /* PBXContainerItemProxy */ = {
			isa = PBXContainerItemProxy;
			containerPortal = 2E95DE5C2985844B00A50FC9 /* Project object */;
			proxyType = 1;
			remoteGlobalIDString = 2E95DE632985844B00A50FC9;
			remoteInfo = WatchList;
		};
/* End PBXContainerItemProxy section */

/* Begin PBXFileReference section */
		2E7E24EA298EBE350082F079 /* MainView.swift */ = {isa = PBXFileReference; lastKnownFileType = sourcecode.swift; path = MainView.swift; sourceTree = "<group>"; };
		2E7E24EE298EE20D0082F079 /* Background.swift */ = {isa = PBXFileReference; lastKnownFileType = sourcecode.swift; path = Background.swift; sourceTree = "<group>"; };
		2E7E24F2299019D70082F079 /* NavBar.swift */ = {isa = PBXFileReference; lastKnownFileType = sourcecode.swift; path = NavBar.swift; sourceTree = "<group>"; };
		2E7E24F6299026760082F079 /* Home.swift */ = {isa = PBXFileReference; lastKnownFileType = sourcecode.swift; path = Home.swift; sourceTree = "<group>"; };
		2E7E24F82990274A0082F079 /* Movies.swift */ = {isa = PBXFileReference; lastKnownFileType = sourcecode.swift; path = Movies.swift; sourceTree = "<group>"; };
		2E95DE642985844C00A50FC9 /* WatchList.app */ = {isa = PBXFileReference; explicitFileType = wrapper.application; includeInIndex = 0; path = WatchList.app; sourceTree = BUILT_PRODUCTS_DIR; };
		2E95DE672985844C00A50FC9 /* WatchListApp.swift */ = {isa = PBXFileReference; lastKnownFileType = sourcecode.swift; path = WatchListApp.swift; sourceTree = "<group>"; };
		2E95DE692985844C00A50FC9 /* SplashScreenView.swift */ = {isa = PBXFileReference; lastKnownFileType = sourcecode.swift; path = SplashScreenView.swift; sourceTree = "<group>"; };
		2E95DE6B2985845000A50FC9 /* Assets.xcassets */ = {isa = PBXFileReference; lastKnownFileType = folder.assetcatalog; path = Assets.xcassets; sourceTree = "<group>"; };
		2E95DE6E2985845000A50FC9 /* Preview Assets.xcassets */ = {isa = PBXFileReference; lastKnownFileType = folder.assetcatalog; path = "Preview Assets.xcassets"; sourceTree = "<group>"; };
		2E95DE742985845000A50FC9 /* WatchListTests.xctest */ = {isa = PBXFileReference; explicitFileType = wrapper.cfbundle; includeInIndex = 0; path = WatchListTests.xctest; sourceTree = BUILT_PRODUCTS_DIR; };
		2E95DE782985845000A50FC9 /* WatchListTests.swift */ = {isa = PBXFileReference; lastKnownFileType = sourcecode.swift; path = WatchListTests.swift; sourceTree = "<group>"; };
		2E95DE7E2985845000A50FC9 /* WatchListUITests.xctest */ = {isa = PBXFileReference; explicitFileType = wrapper.cfbundle; includeInIndex = 0; path = WatchListUITests.xctest; sourceTree = BUILT_PRODUCTS_DIR; };
		2E95DE822985845000A50FC9 /* WatchListUITests.swift */ = {isa = PBXFileReference; lastKnownFileType = sourcecode.swift; path = WatchListUITests.swift; sourceTree = "<group>"; };
		2E95DE842985845000A50FC9 /* WatchListUITestsLaunchTests.swift */ = {isa = PBXFileReference; lastKnownFileType = sourcecode.swift; path = WatchListUITestsLaunchTests.swift; sourceTree = "<group>"; };
		2EF1C39E29884558005111E2 /* LoginView.swift */ = {isa = PBXFileReference; lastKnownFileType = sourcecode.swift; path = LoginView.swift; sourceTree = "<group>"; };
/* End PBXFileReference section */

/* Begin PBXFrameworksBuildPhase section */
		2E95DE612985844B00A50FC9 /* Frameworks */ = {
			isa = PBXFrameworksBuildPhase;
			buildActionMask = 2147483647;
			files = (
			);
			runOnlyForDeploymentPostprocessing = 0;
		};
		2E95DE712985845000A50FC9 /* Frameworks */ = {
			isa = PBXFrameworksBuildPhase;
			buildActionMask = 2147483647;
			files = (
			);
			runOnlyForDeploymentPostprocessing = 0;
		};
		2E95DE7B2985845000A50FC9 /* Frameworks */ = {
			isa = PBXFrameworksBuildPhase;
			buildActionMask = 2147483647;
			files = (
			);
			runOnlyForDeploymentPostprocessing = 0;
		};
/* End PBXFrameworksBuildPhase section */

/* Begin PBXGroup section */
		2E7E24F0299018300082F079 /* Component */ = {
			isa = PBXGroup;
			children = (
				2E7E24EE298EE20D0082F079 /* Background.swift */,
				2E7E24F1299019BA0082F079 /* Main */,
			);
			path = Component;
			sourceTree = "<group>";
		};
		2E7E24F1299019BA0082F079 /* Main */ = {
			isa = PBXGroup;
			children = (
				2E7E24F2299019D70082F079 /* NavBar.swift */,
			);
			path = Main;
			sourceTree = "<group>";
		};
		2E7E24F42990229B0082F079 /* View */ = {
			isa = PBXGroup;
			children = (
				2E7E24F5299025F30082F079 /* Main */,
				2E95DE692985844C00A50FC9 /* SplashScreenView.swift */,
				2EF1C39E29884558005111E2 /* LoginView.swift */,
			);
			path = View;
			sourceTree = "<group>";
		};
		2E7E24F5299025F30082F079 /* Main */ = {
			isa = PBXGroup;
			children = (
				2E7E24EA298EBE350082F079 /* MainView.swift */,
				2E7E24F6299026760082F079 /* Home.swift */,
				2E7E24F82990274A0082F079 /* Movies.swift */,
			);
			path = Main;
			sourceTree = "<group>";
		};
		2E95DE5B2985844B00A50FC9 = {
			isa = PBXGroup;
			children = (
				2E95DE662985844C00A50FC9 /* WatchList */,
				2E95DE772985845000A50FC9 /* WatchListTests */,
				2E95DE812985845000A50FC9 /* WatchListUITests */,
				2E95DE652985844C00A50FC9 /* Products */,
			);
			sourceTree = "<group>";
		};
		2E95DE652985844C00A50FC9 /* Products */ = {
			isa = PBXGroup;
			children = (
				2E95DE642985844C00A50FC9 /* WatchList.app */,
				2E95DE742985845000A50FC9 /* WatchListTests.xctest */,
				2E95DE7E2985845000A50FC9 /* WatchListUITests.xctest */,
			);
			name = Products;
			sourceTree = "<group>";
		};
		2E95DE662985844C00A50FC9 /* WatchList */ = {
			isa = PBXGroup;
			children = (
				2E7E24F42990229B0082F079 /* View */,
				2E7E24F0299018300082F079 /* Component */,
				2E95DE672985844C00A50FC9 /* WatchListApp.swift */,
				2E95DE6B2985845000A50FC9 /* Assets.xcassets */,
				2E95DE6D2985845000A50FC9 /* Preview Content */,
			);
			path = WatchList;
			sourceTree = "<group>";
		};
		2E95DE6D2985845000A50FC9 /* Preview Content */ = {
			isa = PBXGroup;
			children = (
				2E95DE6E2985845000A50FC9 /* Preview Assets.xcassets */,
			);
			path = "Preview Content";
			sourceTree = "<group>";
		};
		2E95DE772985845000A50FC9 /* WatchListTests */ = {
			isa = PBXGroup;
			children = (
				2E95DE782985845000A50FC9 /* WatchListTests.swift */,
			);
			path = WatchListTests;
			sourceTree = "<group>";
		};
		2E95DE812985845000A50FC9 /* WatchListUITests */ = {
			isa = PBXGroup;
			children = (
				2E95DE822985845000A50FC9 /* WatchListUITests.swift */,
				2E95DE842985845000A50FC9 /* WatchListUITestsLaunchTests.swift */,
			);
			path = WatchListUITests;
			sourceTree = "<group>";
		};
/* End PBXGroup section */

/* Begin PBXNativeTarget section */
		2E95DE632985844B00A50FC9 /* WatchList */ = {
			isa = PBXNativeTarget;
			buildConfigurationList = 2E95DE882985845000A50FC9 /* Build configuration list for PBXNativeTarget "WatchList" */;
			buildPhases = (
				2E95DE602985844B00A50FC9 /* Sources */,
				2E95DE612985844B00A50FC9 /* Frameworks */,
				2E95DE622985844B00A50FC9 /* Resources */,
			);
			buildRules = (
			);
			dependencies = (
			);
			name = WatchList;
			productName = WatchList;
			productReference = 2E95DE642985844C00A50FC9 /* WatchList.app */;
			productType = "com.apple.product-type.application";
		};
		2E95DE732985845000A50FC9 /* WatchListTests */ = {
			isa = PBXNativeTarget;
			buildConfigurationList = 2E95DE8B2985845000A50FC9 /* Build configuration list for PBXNativeTarget "WatchListTests" */;
			buildPhases = (
				2E95DE702985845000A50FC9 /* Sources */,
				2E95DE712985845000A50FC9 /* Frameworks */,
				2E95DE722985845000A50FC9 /* Resources */,
			);
			buildRules = (
			);
			dependencies = (
				2E95DE762985845000A50FC9 /* PBXTargetDependency */,
			);
			name = WatchListTests;
			productName = WatchListTests;
			productReference = 2E95DE742985845000A50FC9 /* WatchListTests.xctest */;
			productType = "com.apple.product-type.bundle.unit-test";
		};
		2E95DE7D2985845000A50FC9 /* WatchListUITests */ = {
			isa = PBXNativeTarget;
			buildConfigurationList = 2E95DE8E2985845000A50FC9 /* Build configuration list for PBXNativeTarget "WatchListUITests" */;
			buildPhases = (
				2E95DE7A2985845000A50FC9 /* Sources */,
				2E95DE7B2985845000A50FC9 /* Frameworks */,
				2E95DE7C2985845000A50FC9 /* Resources */,
			);
			buildRules = (
			);
			dependencies = (
				2E95DE802985845000A50FC9 /* PBXTargetDependency */,
			);
			name = WatchListUITests;
			productName = WatchListUITests;
			productReference = 2E95DE7E2985845000A50FC9 /* WatchListUITests.xctest */;
			productType = "com.apple.product-type.bundle.ui-testing";
		};
/* End PBXNativeTarget section */

/* Begin PBXProject section */
		2E95DE5C2985844B00A50FC9 /* Project object */ = {
			isa = PBXProject;
			attributes = {
				BuildIndependentTargetsInParallel = 1;
				LastSwiftUpdateCheck = 1420;
				LastUpgradeCheck = 1420;
				TargetAttributes = {
					2E95DE632985844B00A50FC9 = {
						CreatedOnToolsVersion = 14.2;
					};
					2E95DE732985845000A50FC9 = {
						CreatedOnToolsVersion = 14.2;
						TestTargetID = 2E95DE632985844B00A50FC9;
					};
					2E95DE7D2985845000A50FC9 = {
						CreatedOnToolsVersion = 14.2;
						TestTargetID = 2E95DE632985844B00A50FC9;
					};
				};
			};
			buildConfigurationList = 2E95DE5F2985844B00A50FC9 /* Build configuration list for PBXProject "WatchList" */;
			compatibilityVersion = "Xcode 14.0";
			developmentRegion = en;
			hasScannedForEncodings = 0;
			knownRegions = (
				en,
				Base,
			);
			mainGroup = 2E95DE5B2985844B00A50FC9;
			productRefGroup = 2E95DE652985844C00A50FC9 /* Products */;
			projectDirPath = "";
			projectRoot = "";
			targets = (
				2E95DE632985844B00A50FC9 /* WatchList */,
				2E95DE732985845000A50FC9 /* WatchListTests */,
				2E95DE7D2985845000A50FC9 /* WatchListUITests */,
			);
		};
/* End PBXProject section */

/* Begin PBXResourcesBuildPhase section */
		2E95DE622985844B00A50FC9 /* Resources */ = {
			isa = PBXResourcesBuildPhase;
			buildActionMask = 2147483647;
			files = (
				2E95DE6F2985845000A50FC9 /* Preview Assets.xcassets in Resources */,
				2E95DE6C2985845000A50FC9 /* Assets.xcassets in Resources */,
			);
			runOnlyForDeploymentPostprocessing = 0;
		};
		2E95DE722985845000A50FC9 /* Resources */ = {
			isa = PBXResourcesBuildPhase;
			buildActionMask = 2147483647;
			files = (
			);
			runOnlyForDeploymentPostprocessing = 0;
		};
		2E95DE7C2985845000A50FC9 /* Resources */ = {
			isa = PBXResourcesBuildPhase;
			buildActionMask = 2147483647;
			files = (
			);
			runOnlyForDeploymentPostprocessing = 0;
		};
/* End PBXResourcesBuildPhase section */

/* Begin PBXSourcesBuildPhase section */
		2E95DE602985844B00A50FC9 /* Sources */ = {
			isa = PBXSourcesBuildPhase;
			buildActionMask = 2147483647;
			files = (
				2EF1C39F29884558005111E2 /* LoginView.swift in Sources */,
				2E7E24EB298EBE350082F079 /* MainView.swift in Sources */,
				2E7E24F92990274A0082F079 /* Movies.swift in Sources */,
				2E95DE6A2985844C00A50FC9 /* SplashScreenView.swift in Sources */,
				2E95DE682985844C00A50FC9 /* WatchListApp.swift in Sources */,
				2E7E24EF298EE20D0082F079 /* Background.swift in Sources */,
				2E7E24F3299019D70082F079 /* NavBar.swift in Sources */,
				2E7E24F7299026760082F079 /* Home.swift in Sources */,
			);
			runOnlyForDeploymentPostprocessing = 0;
		};
		2E95DE702985845000A50FC9 /* Sources */ = {
			isa = PBXSourcesBuildPhase;
			buildActionMask = 2147483647;
			files = (
				2E95DE792985845000A50FC9 /* WatchListTests.swift in Sources */,
			);
			runOnlyForDeploymentPostprocessing = 0;
		};
		2E95DE7A2985845000A50FC9 /* Sources */ = {
			isa = PBXSourcesBuildPhase;
			buildActionMask = 2147483647;
			files = (
				2E95DE852985845000A50FC9 /* WatchListUITestsLaunchTests.swift in Sources */,
				2E95DE832985845000A50FC9 /* WatchListUITests.swift in Sources */,
			);
			runOnlyForDeploymentPostprocessing = 0;
		};
/* End PBXSourcesBuildPhase section */

/* Begin PBXTargetDependency section */
		2E95DE762985845000A50FC9 /* PBXTargetDependency */ = {
			isa = PBXTargetDependency;
			target = 2E95DE632985844B00A50FC9 /* WatchList */;
			targetProxy = 2E95DE752985845000A50FC9 /* PBXContainerItemProxy */;
		};
		2E95DE802985845000A50FC9 /* PBXTargetDependency */ = {
			isa = PBXTargetDependency;
			target = 2E95DE632985844B00A50FC9 /* WatchList */;
			targetProxy = 2E95DE7F2985845000A50FC9 /* PBXContainerItemProxy */;
		};
/* End PBXTargetDependency section */

/* Begin XCBuildConfiguration section */
		2E95DE862985845000A50FC9 /* Debug */ = {
			isa = XCBuildConfiguration;
			buildSettings = {
				ALWAYS_SEARCH_USER_PATHS = NO;
				CLANG_ANALYZER_NONNULL = YES;
				CLANG_ANALYZER_NUMBER_OBJECT_CONVERSION = YES_AGGRESSIVE;
				CLANG_CXX_LANGUAGE_STANDARD = "gnu++20";
				CLANG_ENABLE_MODULES = YES;
				CLANG_ENABLE_OBJC_ARC = YES;
				CLANG_ENABLE_OBJC_WEAK = YES;
				CLANG_WARN_BLOCK_CAPTURE_AUTORELEASING = YES;
				CLANG_WARN_BOOL_CONVERSION = YES;
				CLANG_WARN_COMMA = YES;
				CLANG_WARN_CONSTANT_CONVERSION = YES;
				CLANG_WARN_DEPRECATED_OBJC_IMPLEMENTATIONS = YES;
				CLANG_WARN_DIRECT_OBJC_ISA_USAGE = YES_ERROR;
				CLANG_WARN_DOCUMENTATION_COMMENTS = YES;
				CLANG_WARN_EMPTY_BODY = YES;
				CLANG_WARN_ENUM_CONVERSION = YES;
				CLANG_WARN_INFINITE_RECURSION = YES;
				CLANG_WARN_INT_CONVERSION = YES;
				CLANG_WARN_NON_LITERAL_NULL_CONVERSION = YES;
				CLANG_WARN_OBJC_IMPLICIT_RETAIN_SELF = YES;
				CLANG_WARN_OBJC_LITERAL_CONVERSION = YES;
				CLANG_WARN_OBJC_ROOT_CLASS = YES_ERROR;
				CLANG_WARN_QUOTED_INCLUDE_IN_FRAMEWORK_HEADER = YES;
				CLANG_WARN_RANGE_LOOP_ANALYSIS = YES;
				CLANG_WARN_STRICT_PROTOTYPES = YES;
				CLANG_WARN_SUSPICIOUS_MOVE = YES;
				CLANG_WARN_UNGUARDED_AVAILABILITY = YES_AGGRESSIVE;
				CLANG_WARN_UNREACHABLE_CODE = YES;
				CLANG_WARN__DUPLICATE_METHOD_MATCH = YES;
				COPY_PHASE_STRIP = NO;
				DEBUG_INFORMATION_FORMAT = dwarf;
				ENABLE_STRICT_OBJC_MSGSEND = YES;
				ENABLE_TESTABILITY = YES;
				GCC_C_LANGUAGE_STANDARD = gnu11;
				GCC_DYNAMIC_NO_PIC = NO;
				GCC_NO_COMMON_BLOCKS = YES;
				GCC_OPTIMIZATION_LEVEL = 0;
				GCC_PREPROCESSOR_DEFINITIONS = (
					"DEBUG=1",
					"$(inherited)",
				);
				GCC_WARN_64_TO_32_BIT_CONVERSION = YES;
				GCC_WARN_ABOUT_RETURN_TYPE = YES_ERROR;
				GCC_WARN_UNDECLARED_SELECTOR = YES;
				GCC_WARN_UNINITIALIZED_AUTOS = YES_AGGRESSIVE;
				GCC_WARN_UNUSED_FUNCTION = YES;
				GCC_WARN_UNUSED_VARIABLE = YES;
				IPHONEOS_DEPLOYMENT_TARGET = 16.2;
				MTL_ENABLE_DEBUG_INFO = INCLUDE_SOURCE;
				MTL_FAST_MATH = YES;
				ONLY_ACTIVE_ARCH = YES;
				SDKROOT = iphoneos;
				SWIFT_ACTIVE_COMPILATION_CONDITIONS = DEBUG;
				SWIFT_OPTIMIZATION_LEVEL = "-Onone";
			};
			name = Debug;
		};
		2E95DE872985845000A50FC9 /* Release */ = {
			isa = XCBuildConfiguration;
			buildSettings = {
				ALWAYS_SEARCH_USER_PATHS = NO;
				CLANG_ANALYZER_NONNULL = YES;
				CLANG_ANALYZER_NUMBER_OBJECT_CONVERSION = YES_AGGRESSIVE;
				CLANG_CXX_LANGUAGE_STANDARD = "gnu++20";
				CLANG_ENABLE_MODULES = YES;
				CLANG_ENABLE_OBJC_ARC = YES;
				CLANG_ENABLE_OBJC_WEAK = YES;
				CLANG_WARN_BLOCK_CAPTURE_AUTORELEASING = YES;
				CLANG_WARN_BOOL_CONVERSION = YES;
				CLANG_WARN_COMMA = YES;
				CLANG_WARN_CONSTANT_CONVERSION = YES;
				CLANG_WARN_DEPRECATED_OBJC_IMPLEMENTATIONS = YES;
				CLANG_WARN_DIRECT_OBJC_ISA_USAGE = YES_ERROR;
				CLANG_WARN_DOCUMENTATION_COMMENTS = YES;
				CLANG_WARN_EMPTY_BODY = YES;
				CLANG_WARN_ENUM_CONVERSION = YES;
				CLANG_WARN_INFINITE_RECURSION = YES;
				CLANG_WARN_INT_CONVERSION = YES;
				CLANG_WARN_NON_LITERAL_NULL_CONVERSION = YES;
				CLANG_WARN_OBJC_IMPLICIT_RETAIN_SELF = YES;
				CLANG_WARN_OBJC_LITERAL_CONVERSION = YES;
				CLANG_WARN_OBJC_ROOT_CLASS = YES_ERROR;
				CLANG_WARN_QUOTED_INCLUDE_IN_FRAMEWORK_HEADER = YES;
				CLANG_WARN_RANGE_LOOP_ANALYSIS = YES;
				CLANG_WARN_STRICT_PROTOTYPES = YES;
				CLANG_WARN_SUSPICIOUS_MOVE = YES;
				CLANG_WARN_UNGUARDED_AVAILABILITY = YES_AGGRESSIVE;
				CLANG_WARN_UNREACHABLE_CODE = YES;
				CLANG_WARN__DUPLICATE_METHOD_MATCH = YES;
				COPY_PHASE_STRIP = NO;
				DEBUG_INFORMATION_FORMAT = "dwarf-with-dsym";
				ENABLE_NS_ASSERTIONS = NO;
				ENABLE_STRICT_OBJC_MSGSEND = YES;
				GCC_C_LANGUAGE_STANDARD = gnu11;
				GCC_NO_COMMON_BLOCKS = YES;
				GCC_WARN_64_TO_32_BIT_CONVERSION = YES;
				GCC_WARN_ABOUT_RETURN_TYPE = YES_ERROR;
				GCC_WARN_UNDECLARED_SELECTOR = YES;
				GCC_WARN_UNINITIALIZED_AUTOS = YES_AGGRESSIVE;
				GCC_WARN_UNUSED_FUNCTION = YES;
				GCC_WARN_UNUSED_VARIABLE = YES;
				IPHONEOS_DEPLOYMENT_TARGET = 16.2;
				MTL_ENABLE_DEBUG_INFO = NO;
				MTL_FAST_MATH = YES;
				SDKROOT = iphoneos;
				SWIFT_COMPILATION_MODE = wholemodule;
				SWIFT_OPTIMIZATION_LEVEL = "-O";
				VALIDATE_PRODUCT = YES;
			};
			name = Release;
		};
		2E95DE892985845000A50FC9 /* Debug */ = {
			isa = XCBuildConfiguration;
			buildSettings = {
				ASSETCATALOG_COMPILER_APPICON_NAME = AppIcon;
				ASSETCATALOG_COMPILER_GLOBAL_ACCENT_COLOR_NAME = AccentColor;
				CODE_SIGN_STYLE = Automatic;
				CURRENT_PROJECT_VERSION = 1;
				DEVELOPMENT_ASSET_PATHS = "\"WatchList/Preview Content\"";
				DEVELOPMENT_TEAM = 6S9V4S5BD7;
				ENABLE_PREVIEWS = YES;
				GENERATE_INFOPLIST_FILE = YES;
				INFOPLIST_KEY_UIApplicationSceneManifest_Generation = YES;
				INFOPLIST_KEY_UIApplicationSupportsIndirectInputEvents = YES;
				INFOPLIST_KEY_UILaunchScreen_Generation = YES;
				INFOPLIST_KEY_UISupportedInterfaceOrientations_iPad = "UIInterfaceOrientationPortrait UIInterfaceOrientationPortraitUpsideDown UIInterfaceOrientationLandscapeLeft UIInterfaceOrientationLandscapeRight";
				INFOPLIST_KEY_UISupportedInterfaceOrientations_iPhone = "UIInterfaceOrientationPortrait UIInterfaceOrientationLandscapeLeft UIInterfaceOrientationLandscapeRight";
				LD_RUNPATH_SEARCH_PATHS = (
					"$(inherited)",
					"@executable_path/Frameworks",
				);
				MARKETING_VERSION = 1.0;
				PRODUCT_BUNDLE_IDENTIFIER = AzharDev.WatchList;
				PRODUCT_NAME = "$(TARGET_NAME)";
				SWIFT_EMIT_LOC_STRINGS = YES;
				SWIFT_VERSION = 5.0;
				TARGETED_DEVICE_FAMILY = "1,2";
			};
			name = Debug;
		};
		2E95DE8A2985845000A50FC9 /* Release */ = {
			isa = XCBuildConfiguration;
			buildSettings = {
				ASSETCATALOG_COMPILER_APPICON_NAME = AppIcon;
				ASSETCATALOG_COMPILER_GLOBAL_ACCENT_COLOR_NAME = AccentColor;
				CODE_SIGN_STYLE = Automatic;
				CURRENT_PROJECT_VERSION = 1;
				DEVELOPMENT_ASSET_PATHS = "\"WatchList/Preview Content\"";
				DEVELOPMENT_TEAM = 6S9V4S5BD7;
				ENABLE_PREVIEWS = YES;
				GENERATE_INFOPLIST_FILE = YES;
				INFOPLIST_KEY_UIApplicationSceneManifest_Generation = YES;
				INFOPLIST_KEY_UIApplicationSupportsIndirectInputEvents = YES;
				INFOPLIST_KEY_UILaunchScreen_Generation = YES;
				INFOPLIST_KEY_UISupportedInterfaceOrientations_iPad = "UIInterfaceOrientationPortrait UIInterfaceOrientationPortraitUpsideDown UIInterfaceOrientationLandscapeLeft UIInterfaceOrientationLandscapeRight";
				INFOPLIST_KEY_UISupportedInterfaceOrientations_iPhone = "UIInterfaceOrientationPortrait UIInterfaceOrientationLandscapeLeft UIInterfaceOrientationLandscapeRight";
				LD_RUNPATH_SEARCH_PATHS = (
					"$(inherited)",
					"@executable_path/Frameworks",
				);
				MARKETING_VERSION = 1.0;
				PRODUCT_BUNDLE_IDENTIFIER = AzharDev.WatchList;
				PRODUCT_NAME = "$(TARGET_NAME)";
				SWIFT_EMIT_LOC_STRINGS = YES;
				SWIFT_VERSION = 5.0;
				TARGETED_DEVICE_FAMILY = "1,2";
			};
			name = Release;
		};
		2E95DE8C2985845000A50FC9 /* Debug */ = {
			isa = XCBuildConfiguration;
			buildSettings = {
				ALWAYS_EMBED_SWIFT_STANDARD_LIBRARIES = YES;
				BUNDLE_LOADER = "$(TEST_HOST)";
				CODE_SIGN_STYLE = Automatic;
				CURRENT_PROJECT_VERSION = 1;
				DEVELOPMENT_TEAM = 6S9V4S5BD7;
				GENERATE_INFOPLIST_FILE = YES;
				IPHONEOS_DEPLOYMENT_TARGET = 16.2;
				MARKETING_VERSION = 1.0;
				PRODUCT_BUNDLE_IDENTIFIER = AzharDev.WatchListTests;
				PRODUCT_NAME = "$(TARGET_NAME)";
				SWIFT_EMIT_LOC_STRINGS = NO;
				SWIFT_VERSION = 5.0;
				TARGETED_DEVICE_FAMILY = "1,2";
				TEST_HOST = "$(BUILT_PRODUCTS_DIR)/WatchList.app/$(BUNDLE_EXECUTABLE_FOLDER_PATH)/WatchList";
			};
			name = Debug;
		};
		2E95DE8D2985845000A50FC9 /* Release */ = {
			isa = XCBuildConfiguration;
			buildSettings = {
				ALWAYS_EMBED_SWIFT_STANDARD_LIBRARIES = YES;
				BUNDLE_LOADER = "$(TEST_HOST)";
				CODE_SIGN_STYLE = Automatic;
				CURRENT_PROJECT_VERSION = 1;
				DEVELOPMENT_TEAM = 6S9V4S5BD7;
				GENERATE_INFOPLIST_FILE = YES;
				IPHONEOS_DEPLOYMENT_TARGET = 16.2;
				MARKETING_VERSION = 1.0;
				PRODUCT_BUNDLE_IDENTIFIER = AzharDev.WatchListTests;
				PRODUCT_NAME = "$(TARGET_NAME)";
				SWIFT_EMIT_LOC_STRINGS = NO;
				SWIFT_VERSION = 5.0;
				TARGETED_DEVICE_FAMILY = "1,2";
				TEST_HOST = "$(BUILT_PRODUCTS_DIR)/WatchList.app/$(BUNDLE_EXECUTABLE_FOLDER_PATH)/WatchList";
			};
			name = Release;
		};
		2E95DE8F2985845000A50FC9 /* Debug */ = {
			isa = XCBuildConfiguration;
			buildSettings = {
				ALWAYS_EMBED_SWIFT_STANDARD_LIBRARIES = YES;
				CODE_SIGN_STYLE = Automatic;
				CURRENT_PROJECT_VERSION = 1;
				DEVELOPMENT_TEAM = 6S9V4S5BD7;
				GENERATE_INFOPLIST_FILE = YES;
				MARKETING_VERSION = 1.0;
				PRODUCT_BUNDLE_IDENTIFIER = AzharDev.WatchListUITests;
				PRODUCT_NAME = "$(TARGET_NAME)";
				SWIFT_EMIT_LOC_STRINGS = NO;
				SWIFT_VERSION = 5.0;
				TARGETED_DEVICE_FAMILY = "1,2";
				TEST_TARGET_NAME = WatchList;
			};
			name = Debug;
		};
		2E95DE902985845000A50FC9 /* Release */ = {
			isa = XCBuildConfiguration;
			buildSettings = {
				ALWAYS_EMBED_SWIFT_STANDARD_LIBRARIES = YES;
				CODE_SIGN_STYLE = Automatic;
				CURRENT_PROJECT_VERSION = 1;
				DEVELOPMENT_TEAM = 6S9V4S5BD7;
				GENERATE_INFOPLIST_FILE = YES;
				MARKETING_VERSION = 1.0;
				PRODUCT_BUNDLE_IDENTIFIER = AzharDev.WatchListUITests;
				PRODUCT_NAME = "$(TARGET_NAME)";
				SWIFT_EMIT_LOC_STRINGS = NO;
				SWIFT_VERSION = 5.0;
				TARGETED_DEVICE_FAMILY = "1,2";
				TEST_TARGET_NAME = WatchList;
			};
			name = Release;
		};
/* End XCBuildConfiguration section */

/* Begin XCConfigurationList section */
		2E95DE5F2985844B00A50FC9 /* Build configuration list for PBXProject "WatchList" */ = {
			isa = XCConfigurationList;
			buildConfigurations = (
				2E95DE862985845000A50FC9 /* Debug */,
				2E95DE872985845000A50FC9 /* Release */,
			);
			defaultConfigurationIsVisible = 0;
			defaultConfigurationName = Release;
		};
		2E95DE882985845000A50FC9 /* Build configuration list for PBXNativeTarget "WatchList" */ = {
			isa = XCConfigurationList;
			buildConfigurations = (
				2E95DE892985845000A50FC9 /* Debug */,
				2E95DE8A2985845000A50FC9 /* Release */,
			);
			defaultConfigurationIsVisible = 0;
			defaultConfigurationName = Release;
		};
		2E95DE8B2985845000A50FC9 /* Build configuration list for PBXNativeTarget "WatchListTests" */ = {
			isa = XCConfigurationList;
			buildConfigurations = (
				2E95DE8C2985845000A50FC9 /* Debug */,
				2E95DE8D2985845000A50FC9 /* Release */,
			);
			defaultConfigurationIsVisible = 0;
			defaultConfigurationName = Release;
		};
		2E95DE8E2985845000A50FC9 /* Build configuration list for PBXNativeTarget "WatchListUITests" */ = {
			isa = XCConfigurationList;
			buildConfigurations = (
				2E95DE8F2985845000A50FC9 /* Debug */,
				2E95DE902985845000A50FC9 /* Release */,
			);
			defaultConfigurationIsVisible = 0;
			defaultConfigurationName = Release;
		};
/* End XCConfigurationList section */
	};
	rootObject = 2E95DE5C2985844B00A50FC9 /* Project object */;
}
